
Microsoft Visual Studio Solution File, Format Version 12.00
# Visual Studio Version 17
VisualStudioVersion = 17.5.33627.172
MinimumVisualStudioVersion = 10.0.40219.1
Project("{888888A0-9F3D-457C-B088-3A5042F75D52}") = "Guessing Game", "Guessing Game\Guessing Game.pyproj", "{1F70DD49-F7DC-4F8D-A129-00B639990E04}"
EndProject
Global
	GlobalSection(SolutionConfigurationPlatforms) = preSolution
		Debug|Any CPU = Debug|Any CPU
		Release|Any CPU = Release|Any CPU
	EndGlobalSection
	GlobalSection(ProjectConfigurationPlatforms) = postSolution
		{1F70DD49-F7DC-4F8D-A129-00B639990E04}.Debug|Any CPU.ActiveCfg = Debug|Any CPU
		{1F70DD49-F7DC-4F8D-A129-00B639990E04}.Release|Any CPU.ActiveCfg = Release|Any CPU
	EndGlobalSection
	GlobalSection(SolutionProperties) = preSolution
		HideSolutionNode = FALSE
	EndGlobalSection
	GlobalSection(ExtensibilityGlobals) = postSolution
		SolutionGuid = {DAA5B2F5-1ABA-4DBA-A898-AA971524C4FA}
	EndGlobalSection
EndGlobal
